
Microsoft Visual Studio Solution File, Format Version 12.00
# Visual Studio 2013
VisualStudioVersion = 12.0.21005.1
MinimumVisualStudioVersion = 10.0.40219.1
Project("{FAE04EC0-301F-11D3-BF4B-00C04F79EFBC}") = "MumbleMaker-windows", "MumbleMaker-windows\MumbleMaker-windows.csproj", "{FF119B1A-6E4D-45C8-A3D4-89E0133A86AD}"
EndProject
Project("{FAE04EC0-301F-11D3-BF4B-00C04F79EFBC}") = "MumbleMaker-core", "MumbleMaker-core\MumbleMaker-core.csproj", "{80B11442-5FA4-45D7-9F71-A4C598CCB487}"
EndProject
Global
	GlobalSection(SolutionConfigurationPlatforms) = preSolution
		Debug|Any CPU = Debug|Any CPU
		Release|Any CPU = Release|Any CPU
	EndGlobalSection
	GlobalSection(ProjectConfigurationPlatforms) = postSolution
		{FF119B1A-6E4D-45C8-A3D4-89E0133A86AD}.Debug|Any CPU.ActiveCfg = Debug|Any CPU
		{FF119B1A-6E4D-45C8-A3D4-89E0133A86AD}.Debug|Any CPU.Build.0 = Debug|Any CPU
		{FF119B1A-6E4D-45C8-A3D4-89E0133A86AD}.Release|Any CPU.ActiveCfg = Release|Any CPU
		{FF119B1A-6E4D-45C8-A3D4-89E0133A86AD}.Release|Any CPU.Build.0 = Release|Any CPU
		{80B11442-5FA4-45D7-9F71-A4C598CCB487}.Debug|Any CPU.ActiveCfg = Debug|Any CPU
		{80B11442-5FA4-45D7-9F71-A4C598CCB487}.Debug|Any CPU.Build.0 = Debug|Any CPU
		{80B11442-5FA4-45D7-9F71-A4C598CCB487}.Release|Any CPU.ActiveCfg = Release|Any CPU
		{80B11442-5FA4-45D7-9F71-A4C598CCB487}.Release|Any CPU.Build.0 = Release|Any CPU
	EndGlobalSection
	GlobalSection(SolutionProperties) = preSolution
		HideSolutionNode = FALSE
	EndGlobalSection
EndGlobal
